
Microsoft Visual Studio Solution File, Format Version 12.00
# Visual Studio Version 17
VisualStudioVersion = 17.7.34009.444
MinimumVisualStudioVersion = 10.0.40219.1
Project("{9A19103F-16F7-4668-BE54-9A1E7A4F7556}") = "Presentation.Application", "Presentation.Application.csproj", "{D5651F22-EADF-45E7-8A25-9B557212736C}"
EndProject
Project("{FAE04EC0-301F-11D3-BF4B-00C04F79EFBC}") = "Infrastructure.Adapter", "..\Infrastructure.Adapter\Infrastructure.Adapter.csproj", "{4FEEB1FB-396B-4CB0-825F-21D43D22BF56}"
EndProject
Global
	GlobalSection(SolutionConfigurationPlatforms) = preSolution
		Debug|Any CPU = Debug|Any CPU
		Release|Any CPU = Release|Any CPU
	EndGlobalSection
	GlobalSection(ProjectConfigurationPlatforms) = postSolution
		{D5651F22-EADF-45E7-8A25-9B557212736C}.Debug|Any CPU.ActiveCfg = Debug|Any CPU
		{D5651F22-EADF-45E7-8A25-9B557212736C}.Debug|Any CPU.Build.0 = Debug|Any CPU
		{D5651F22-EADF-45E7-8A25-9B557212736C}.Release|Any CPU.ActiveCfg = Release|Any CPU
		{D5651F22-EADF-45E7-8A25-9B557212736C}.Release|Any CPU.Build.0 = Release|Any CPU
		{4FEEB1FB-396B-4CB0-825F-21D43D22BF56}.Debug|Any CPU.ActiveCfg = Debug|Any CPU
		{4FEEB1FB-396B-4CB0-825F-21D43D22BF56}.Debug|Any CPU.Build.0 = Debug|Any CPU
		{4FEEB1FB-396B-4CB0-825F-21D43D22BF56}.Release|Any CPU.ActiveCfg = Release|Any CPU
		{4FEEB1FB-396B-4CB0-825F-21D43D22BF56}.Release|Any CPU.Build.0 = Release|Any CPU
	EndGlobalSection
	GlobalSection(SolutionProperties) = preSolution
		HideSolutionNode = FALSE
	EndGlobalSection
	GlobalSection(ExtensibilityGlobals) = postSolution
		SolutionGuid = {97C42321-3343-4D20-BEF1-F2EBF625B52D}
	EndGlobalSection
EndGlobal
